// !$*UTF8*$!
{
	archiveVersion = 1;
	classes = {
	};
	objectVersion = 55;
	objects = {

/* Begin PBXBuildFile section */
		D81030A328D219450004983E /* CategoryRow.swift in Sources */ = {isa = PBXBuildFile; fileRef = D81030A228D219450004983E /* CategoryRow.swift */; };
		D81030A528D21ADA0004983E /* CategoryItem.swift in Sources */ = {isa = PBXBuildFile; fileRef = D81030A428D21ADA0004983E /* CategoryItem.swift */; };
		D81030A728D221C00004983E /* Profile.swift in Sources */ = {isa = PBXBuildFile; fileRef = D81030A628D221C00004983E /* Profile.swift */; };
		D81030A928D2228A0004983E /* ProfileHost.swift in Sources */ = {isa = PBXBuildFile; fileRef = D81030A828D2228A0004983E /* ProfileHost.swift */; };
		D81030AC28D2230C0004983E /* ProfileSummary.swift in Sources */ = {isa = PBXBuildFile; fileRef = D81030AB28D2230C0004983E /* ProfileSummary.swift */; };
		D81030AE28D223990004983E /* HikeBadge.swift in Sources */ = {isa = PBXBuildFile; fileRef = D81030AD28D223990004983E /* HikeBadge.swift */; };
		D81030B028D227A70004983E /* ProfileEditor.swift in Sources */ = {isa = PBXBuildFile; fileRef = D81030AF28D227A70004983E /* ProfileEditor.swift */; };
		D81190E628BFA65300EB3308 /* CircleImage.swift in Sources */ = {isa = PBXBuildFile; fileRef = D81190E528BFA65300EB3308 /* CircleImage.swift */; };
		D81190E828BFA7BB00EB3308 /* MapView.swift in Sources */ = {isa = PBXBuildFile; fileRef = D81190E728BFA7BB00EB3308 /* MapView.swift */; };
		D81190EA28BFAC6600EB3308 /* Landmark.swift in Sources */ = {isa = PBXBuildFile; fileRef = D81190E928BFAC6600EB3308 /* Landmark.swift */; };
		D81190EE28BFAE6F00EB3308 /* ModelData.swift in Sources */ = {isa = PBXBuildFile; fileRef = D81190ED28BFAE6F00EB3308 /* ModelData.swift */; };
		D81190F228BFB07F00EB3308 /* LandmarkRow.swift in Sources */ = {isa = PBXBuildFile; fileRef = D81190F128BFB07F00EB3308 /* LandmarkRow.swift */; };
		D8385A3628C8DCF9002866AF /* landmarkData.json in Resources */ = {isa = PBXBuildFile; fileRef = D8385A3528C8DCF9002866AF /* landmarkData.json */; };
		D8385A3828C8E4C7002866AF /* FavoriteButton.swift in Sources */ = {isa = PBXBuildFile; fileRef = D8385A3728C8E4C7002866AF /* FavoriteButton.swift */; };
		D84582D028C24752009805D1 /* LandmarkList.swift in Sources */ = {isa = PBXBuildFile; fileRef = D84582CF28C24752009805D1 /* LandmarkList.swift */; };
		D84582D228C24891009805D1 /* LandmarkDetail.swift in Sources */ = {isa = PBXBuildFile; fileRef = D84582D128C24891009805D1 /* LandmarkDetail.swift */; };
		D864DE3628D0C662002A06DE /* hikeData.json in Resources */ = {isa = PBXBuildFile; fileRef = D864DE3528D0C661002A06DE /* hikeData.json */; };
		D864DE3828D0C67E002A06DE /* Hike.swift in Sources */ = {isa = PBXBuildFile; fileRef = D864DE3728D0C67E002A06DE /* Hike.swift */; };
		D864DE3C28D0CA15002A06DE /* HikeView.swift in Sources */ = {isa = PBXBuildFile; fileRef = D864DE3B28D0CA15002A06DE /* HikeView.swift */; };
		D864DE3E28D0CA1D002A06DE /* HikeDetail.swift in Sources */ = {isa = PBXBuildFile; fileRef = D864DE3D28D0CA1D002A06DE /* HikeDetail.swift */; };
		D864DE4028D0CA22002A06DE /* HikeGraph.swift in Sources */ = {isa = PBXBuildFile; fileRef = D864DE3F28D0CA22002A06DE /* HikeGraph.swift */; };
		D864DE4228D0CA26002A06DE /* GraphCapsule.swift in Sources */ = {isa = PBXBuildFile; fileRef = D864DE4128D0CA26002A06DE /* GraphCapsule.swift */; };
		D864DE4728D0CF87002A06DE /* CategoryHome.swift in Sources */ = {isa = PBXBuildFile; fileRef = D864DE4628D0CF87002A06DE /* CategoryHome.swift */; };
		D87886D928CF75B400044F5A /* HexagonParameters.swift in Sources */ = {isa = PBXBuildFile; fileRef = D87886D828CF75B400044F5A /* HexagonParameters.swift */; };
		D87886DB28CF76C700044F5A /* BadgeBackground.swift in Sources */ = {isa = PBXBuildFile; fileRef = D87886DA28CF76C700044F5A /* BadgeBackground.swift */; };
		D87886DD28CF7B3A00044F5A /* BadgeSymbol.swift in Sources */ = {isa = PBXBuildFile; fileRef = D87886DC28CF7B3A00044F5A /* BadgeSymbol.swift */; };
		D87886DF28CF7C6D00044F5A /* RotatedBadgeSymbol.swift in Sources */ = {isa = PBXBuildFile; fileRef = D87886DE28CF7C6D00044F5A /* RotatedBadgeSymbol.swift */; };
		D87886E128CF7CCA00044F5A /* Badge.swift in Sources */ = {isa = PBXBuildFile; fileRef = D87886E028CF7CCA00044F5A /* Badge.swift */; };
		D87C95F028BD033B00DBD976 /* Lunch_LotteryApp.swift in Sources */ = {isa = PBXBuildFile; fileRef = D87C95EF28BD033B00DBD976 /* Lunch_LotteryApp.swift */; };
		D87C95F228BD033B00DBD976 /* ContentView.swift in Sources */ = {isa = PBXBuildFile; fileRef = D87C95F128BD033B00DBD976 /* ContentView.swift */; };
		D87C95F428BD033D00DBD976 /* Assets.xcassets in Resources */ = {isa = PBXBuildFile; fileRef = D87C95F328BD033D00DBD976 /* Assets.xcassets */; };
		D87C95F728BD033D00DBD976 /* Preview Assets.xcassets in Resources */ = {isa = PBXBuildFile; fileRef = D87C95F628BD033D00DBD976 /* Preview Assets.xcassets */; };
		D87C960128BD033E00DBD976 /* Lunch_LotteryTests.swift in Sources */ = {isa = PBXBuildFile; fileRef = D87C960028BD033E00DBD976 /* Lunch_LotteryTests.swift */; };
		D87C960B28BD033E00DBD976 /* Lunch_LotteryUITests.swift in Sources */ = {isa = PBXBuildFile; fileRef = D87C960A28BD033E00DBD976 /* Lunch_LotteryUITests.swift */; };
		D87C960D28BD033E00DBD976 /* Lunch_LotteryUITestsLaunchTests.swift in Sources */ = {isa = PBXBuildFile; fileRef = D87C960C28BD033E00DBD976 /* Lunch_LotteryUITestsLaunchTests.swift */; };
/* End PBXBuildFile section */

/* Begin PBXContainerItemProxy section */
		D87C95FD28BD033E00DBD976 /* PBXContainerItemProxy */ = {
			isa = PBXContainerItemProxy;
			containerPortal = D87C95E428BD033B00DBD976 /* Project object */;
			proxyType = 1;
			remoteGlobalIDString = D87C95EB28BD033B00DBD976;
			remoteInfo = "Lunch Lottery";
		};
		D87C960728BD033E00DBD976 /* PBXContainerItemProxy */ = {
			isa = PBXContainerItemProxy;
			containerPortal = D87C95E428BD033B00DBD976 /* Project object */;
			proxyType = 1;
			remoteGlobalIDString = D87C95EB28BD033B00DBD976;
			remoteInfo = "Lunch Lottery";
		};
/* End PBXContainerItemProxy section */

/* Begin PBXFileReference section */
		D81030A228D219450004983E /* CategoryRow.swift */ = {isa = PBXFileReference; lastKnownFileType = sourcecode.swift; path = CategoryRow.swift; sourceTree = "<group>"; };
		D81030A428D21ADA0004983E /* CategoryItem.swift */ = {isa = PBXFileReference; lastKnownFileType = sourcecode.swift; path = CategoryItem.swift; sourceTree = "<group>"; };
		D81030A628D221C00004983E /* Profile.swift */ = {isa = PBXFileReference; lastKnownFileType = sourcecode.swift; path = Profile.swift; sourceTree = "<group>"; };
		D81030A828D2228A0004983E /* ProfileHost.swift */ = {isa = PBXFileReference; lastKnownFileType = sourcecode.swift; name = ProfileHost.swift; path = "Lunch Lottery/Views/Profiles/ProfileHost.swift"; sourceTree = SOURCE_ROOT; };
		D81030AB28D2230C0004983E /* ProfileSummary.swift */ = {isa = PBXFileReference; lastKnownFileType = sourcecode.swift; path = ProfileSummary.swift; sourceTree = "<group>"; };
		D81030AD28D223990004983E /* HikeBadge.swift */ = {isa = PBXFileReference; lastKnownFileType = sourcecode.swift; path = HikeBadge.swift; sourceTree = "<group>"; };
		D81030AF28D227A70004983E /* ProfileEditor.swift */ = {isa = PBXFileReference; lastKnownFileType = sourcecode.swift; path = ProfileEditor.swift; sourceTree = "<group>"; };
		D81190E528BFA65300EB3308 /* CircleImage.swift */ = {isa = PBXFileReference; lastKnownFileType = sourcecode.swift; path = CircleImage.swift; sourceTree = "<group>"; };
		D81190E728BFA7BB00EB3308 /* MapView.swift */ = {isa = PBXFileReference; lastKnownFileType = sourcecode.swift; path = MapView.swift; sourceTree = "<group>"; };
		D81190E928BFAC6600EB3308 /* Landmark.swift */ = {isa = PBXFileReference; lastKnownFileType = sourcecode.swift; path = Landmark.swift; sourceTree = "<group>"; };
		D81190ED28BFAE6F00EB3308 /* ModelData.swift */ = {isa = PBXFileReference; lastKnownFileType = sourcecode.swift; path = ModelData.swift; sourceTree = "<group>"; };
		D81190F128BFB07F00EB3308 /* LandmarkRow.swift */ = {isa = PBXFileReference; lastKnownFileType = sourcecode.swift; path = LandmarkRow.swift; sourceTree = "<group>"; };
		D8385A3528C8DCF9002866AF /* landmarkData.json */ = {isa = PBXFileReference; fileEncoding = 4; lastKnownFileType = text.json; path = landmarkData.json; sourceTree = "<group>"; };
		D8385A3728C8E4C7002866AF /* FavoriteButton.swift */ = {isa = PBXFileReference; lastKnownFileType = sourcecode.swift; path = FavoriteButton.swift; sourceTree = "<group>"; };
		D84582CF28C24752009805D1 /* LandmarkList.swift */ = {isa = PBXFileReference; lastKnownFileType = sourcecode.swift; path = LandmarkList.swift; sourceTree = "<group>"; };
		D84582D128C24891009805D1 /* LandmarkDetail.swift */ = {isa = PBXFileReference; lastKnownFileType = sourcecode.swift; path = LandmarkDetail.swift; sourceTree = "<group>"; };
		D864DE3528D0C661002A06DE /* hikeData.json */ = {isa = PBXFileReference; fileEncoding = 4; lastKnownFileType = text.json; path = hikeData.json; sourceTree = "<group>"; };
		D864DE3728D0C67E002A06DE /* Hike.swift */ = {isa = PBXFileReference; lastKnownFileType = sourcecode.swift; path = Hike.swift; sourceTree = "<group>"; };
		D864DE3B28D0CA15002A06DE /* HikeView.swift */ = {isa = PBXFileReference; fileEncoding = 4; lastKnownFileType = sourcecode.swift; path = HikeView.swift; sourceTree = "<group>"; };
		D864DE3D28D0CA1D002A06DE /* HikeDetail.swift */ = {isa = PBXFileReference; fileEncoding = 4; lastKnownFileType = sourcecode.swift; path = HikeDetail.swift; sourceTree = "<group>"; };
		D864DE3F28D0CA22002A06DE /* HikeGraph.swift */ = {isa = PBXFileReference; fileEncoding = 4; lastKnownFileType = sourcecode.swift; path = HikeGraph.swift; sourceTree = "<group>"; };
		D864DE4128D0CA26002A06DE /* GraphCapsule.swift */ = {isa = PBXFileReference; fileEncoding = 4; lastKnownFileType = sourcecode.swift; path = GraphCapsule.swift; sourceTree = "<group>"; };
		D864DE4628D0CF87002A06DE /* CategoryHome.swift */ = {isa = PBXFileReference; lastKnownFileType = sourcecode.swift; path = CategoryHome.swift; sourceTree = "<group>"; };
		D87886D828CF75B400044F5A /* HexagonParameters.swift */ = {isa = PBXFileReference; lastKnownFileType = sourcecode.swift; path = HexagonParameters.swift; sourceTree = "<group>"; };
		D87886DA28CF76C700044F5A /* BadgeBackground.swift */ = {isa = PBXFileReference; lastKnownFileType = sourcecode.swift; path = BadgeBackground.swift; sourceTree = "<group>"; };
		D87886DC28CF7B3A00044F5A /* BadgeSymbol.swift */ = {isa = PBXFileReference; lastKnownFileType = sourcecode.swift; path = BadgeSymbol.swift; sourceTree = "<group>"; };
		D87886DE28CF7C6D00044F5A /* RotatedBadgeSymbol.swift */ = {isa = PBXFileReference; lastKnownFileType = sourcecode.swift; path = RotatedBadgeSymbol.swift; sourceTree = "<group>"; };
		D87886E028CF7CCA00044F5A /* Badge.swift */ = {isa = PBXFileReference; lastKnownFileType = sourcecode.swift; path = Badge.swift; sourceTree = "<group>"; };
		D87C95EC28BD033B00DBD976 /* Lunch Lottery.app */ = {isa = PBXFileReference; explicitFileType = wrapper.application; includeInIndex = 0; path = "Lunch Lottery.app"; sourceTree = BUILT_PRODUCTS_DIR; };
		D87C95EF28BD033B00DBD976 /* Lunch_LotteryApp.swift */ = {isa = PBXFileReference; lastKnownFileType = sourcecode.swift; path = Lunch_LotteryApp.swift; sourceTree = "<group>"; };
		D87C95F128BD033B00DBD976 /* ContentView.swift */ = {isa = PBXFileReference; lastKnownFileType = sourcecode.swift; path = ContentView.swift; sourceTree = "<group>"; };
		D87C95F328BD033D00DBD976 /* Assets.xcassets */ = {isa = PBXFileReference; lastKnownFileType = folder.assetcatalog; path = Assets.xcassets; sourceTree = "<group>"; };
		D87C95F628BD033D00DBD976 /* Preview Assets.xcassets */ = {isa = PBXFileReference; lastKnownFileType = folder.assetcatalog; path = "Preview Assets.xcassets"; sourceTree = "<group>"; };
		D87C95FC28BD033E00DBD976 /* Lunch LotteryTests.xctest */ = {isa = PBXFileReference; explicitFileType = wrapper.cfbundle; includeInIndex = 0; path = "Lunch LotteryTests.xctest"; sourceTree = BUILT_PRODUCTS_DIR; };
		D87C960028BD033E00DBD976 /* Lunch_LotteryTests.swift */ = {isa = PBXFileReference; lastKnownFileType = sourcecode.swift; path = Lunch_LotteryTests.swift; sourceTree = "<group>"; };
		D87C960628BD033E00DBD976 /* Lunch LotteryUITests.xctest */ = {isa = PBXFileReference; explicitFileType = wrapper.cfbundle; includeInIndex = 0; path = "Lunch LotteryUITests.xctest"; sourceTree = BUILT_PRODUCTS_DIR; };
		D87C960A28BD033E00DBD976 /* Lunch_LotteryUITests.swift */ = {isa = PBXFileReference; lastKnownFileType = sourcecode.swift; path = Lunch_LotteryUITests.swift; sourceTree = "<group>"; };
		D87C960C28BD033E00DBD976 /* Lunch_LotteryUITestsLaunchTests.swift */ = {isa = PBXFileReference; lastKnownFileType = sourcecode.swift; path = Lunch_LotteryUITestsLaunchTests.swift; sourceTree = "<group>"; };
/* End PBXFileReference section */

/* Begin PBXFrameworksBuildPhase section */
		D87C95E928BD033B00DBD976 /* Frameworks */ = {
			isa = PBXFrameworksBuildPhase;
			buildActionMask = 2147483647;
			files = (
			);
			runOnlyForDeploymentPostprocessing = 0;
		};
		D87C95F928BD033E00DBD976 /* Frameworks */ = {
			isa = PBXFrameworksBuildPhase;
			buildActionMask = 2147483647;
			files = (
			);
			runOnlyForDeploymentPostprocessing = 0;
		};
		D87C960328BD033E00DBD976 /* Frameworks */ = {
			isa = PBXFrameworksBuildPhase;
			buildActionMask = 2147483647;
			files = (
			);
			runOnlyForDeploymentPostprocessing = 0;
		};
/* End PBXFrameworksBuildPhase section */

/* Begin PBXGroup section */
		D81030AA28D222A00004983E /* Profiles */ = {
			isa = PBXGroup;
			children = (
				D81030A828D2228A0004983E /* ProfileHost.swift */,
				D81030AF28D227A70004983E /* ProfileEditor.swift */,
				D81030AB28D2230C0004983E /* ProfileSummary.swift */,
			);
			path = Profiles;
			sourceTree = "<group>";
		};
		D81190EF28BFAFAD00EB3308 /* Modeling */ = {
			isa = PBXGroup;
			children = (
				D81030A628D221C00004983E /* Profile.swift */,
				D81190E928BFAC6600EB3308 /* Landmark.swift */,
				D81190ED28BFAE6F00EB3308 /* ModelData.swift */,
			);
			path = Modeling;
			sourceTree = "<group>";
		};
		D81190F028BFAFD000EB3308 /* Views */ = {
			isa = PBXGroup;
			children = (
				D87C95F128BD033B00DBD976 /* ContentView.swift */,
				D81030AA28D222A00004983E /* Profiles */,
				D87886E228CF7DB800044F5A /* Badges */,
				D8385A3B28C8E62A002866AF /* Landmarks */,
				D8385A3928C8E5E2002866AF /* Helpers */,
			);
			path = Views;
			sourceTree = "<group>";
		};
		D8385A3928C8E5E2002866AF /* Helpers */ = {
			isa = PBXGroup;
			children = (
				D81190E528BFA65300EB3308 /* CircleImage.swift */,
				D8385A3728C8E4C7002866AF /* FavoriteButton.swift */,
				D81190E728BFA7BB00EB3308 /* MapView.swift */,
			);
			path = Helpers;
			sourceTree = "<group>";
		};
		D8385A3B28C8E62A002866AF /* Landmarks */ = {
			isa = PBXGroup;
			children = (
				D84582D128C24891009805D1 /* LandmarkDetail.swift */,
				D84582CF28C24752009805D1 /* LandmarkList.swift */,
				D81190F128BFB07F00EB3308 /* LandmarkRow.swift */,
			);
			path = Landmarks;
			sourceTree = "<group>";
		};
		D864DE4328D0CA32002A06DE /* Hikes */ = {
			isa = PBXGroup;
			children = (
				D864DE3728D0C67E002A06DE /* Hike.swift */,
				D864DE3D28D0CA1D002A06DE /* HikeDetail.swift */,
				D864DE4128D0CA26002A06DE /* GraphCapsule.swift */,
				D81030AD28D223990004983E /* HikeBadge.swift */,
				D864DE3F28D0CA22002A06DE /* HikeGraph.swift */,
				D864DE3B28D0CA15002A06DE /* HikeView.swift */,
			);
			path = Hikes;
			sourceTree = "<group>";
		};
		D864DE4528D0CF6C002A06DE /* Categories */ = {
			isa = PBXGroup;
			children = (
				D864DE4628D0CF87002A06DE /* CategoryHome.swift */,
				D81030A228D219450004983E /* CategoryRow.swift */,
				D81030A428D21ADA0004983E /* CategoryItem.swift */,
			);
			path = Categories;
			sourceTree = "<group>";
		};
		D87886E228CF7DB800044F5A /* Badges */ = {
			isa = PBXGroup;
			children = (
				D87886D828CF75B400044F5A /* HexagonParameters.swift */,
				D87886DA28CF76C700044F5A /* BadgeBackground.swift */,
				D87886DC28CF7B3A00044F5A /* BadgeSymbol.swift */,
				D87886DE28CF7C6D00044F5A /* RotatedBadgeSymbol.swift */,
				D87886E028CF7CCA00044F5A /* Badge.swift */,
			);
			path = Badges;
			sourceTree = "<group>";
		};
		D87C95E328BD033A00DBD976 = {
			isa = PBXGroup;
			children = (
				D87C95EE28BD033B00DBD976 /* Lunch Lottery */,
				D87C95FF28BD033E00DBD976 /* Lunch LotteryTests */,
				D87C960928BD033E00DBD976 /* Lunch LotteryUITests */,
				D87C95ED28BD033B00DBD976 /* Products */,
			);
			sourceTree = "<group>";
		};
		D87C95ED28BD033B00DBD976 /* Products */ = {
			isa = PBXGroup;
			children = (
				D87C95EC28BD033B00DBD976 /* Lunch Lottery.app */,
				D87C95FC28BD033E00DBD976 /* Lunch LotteryTests.xctest */,
				D87C960628BD033E00DBD976 /* Lunch LotteryUITests.xctest */,
			);
			name = Products;
			sourceTree = "<group>";
		};
		D87C95EE28BD033B00DBD976 /* Lunch Lottery */ = {
			isa = PBXGroup;
			children = (
				D87C95F328BD033D00DBD976 /* Assets.xcassets */,
				D87C95EF28BD033B00DBD976 /* Lunch_LotteryApp.swift */,
				D864DE4528D0CF6C002A06DE /* Categories */,
				D864DE4328D0CA32002A06DE /* Hikes */,
				D81190EF28BFAFAD00EB3308 /* Modeling */,
				D81190F028BFAFD000EB3308 /* Views */,
				D8D4B10128C790C00063E762 /* Resources */,
				D87C95F528BD033D00DBD976 /* Preview Content */,
			);
			path = "Lunch Lottery";
			sourceTree = "<group>";
		};
		D87C95F528BD033D00DBD976 /* Preview Content */ = {
			isa = PBXGroup;
			children = (
				D87C95F628BD033D00DBD976 /* Preview Assets.xcassets */,
			);
			path = "Preview Content";
			sourceTree = "<group>";
		};
		D87C95FF28BD033E00DBD976 /* Lunch LotteryTests */ = {
			isa = PBXGroup;
			children = (
				D87C960028BD033E00DBD976 /* Lunch_LotteryTests.swift */,
			);
			path = "Lunch LotteryTests";
			sourceTree = "<group>";
		};
		D87C960928BD033E00DBD976 /* Lunch LotteryUITests */ = {
			isa = PBXGroup;
			children = (
				D87C960A28BD033E00DBD976 /* Lunch_LotteryUITests.swift */,
				D87C960C28BD033E00DBD976 /* Lunch_LotteryUITestsLaunchTests.swift */,
			);
			path = "Lunch LotteryUITests";
			sourceTree = "<group>";
		};
		D8D4B10128C790C00063E762 /* Resources */ = {
			isa = PBXGroup;
			children = (
				D864DE3528D0C661002A06DE /* hikeData.json */,
				D8385A3528C8DCF9002866AF /* landmarkData.json */,
			);
			path = Resources;
			sourceTree = "<group>";
		};
/* End PBXGroup section */

/* Begin PBXNativeTarget section */
		D87C95EB28BD033B00DBD976 /* Lunch Lottery */ = {
			isa = PBXNativeTarget;
			buildConfigurationList = D87C961028BD033E00DBD976 /* Build configuration list for PBXNativeTarget "Lunch Lottery" */;
			buildPhases = (
				D87C95E828BD033B00DBD976 /* Sources */,
				D87C95E928BD033B00DBD976 /* Frameworks */,
				D87C95EA28BD033B00DBD976 /* Resources */,
			);
			buildRules = (
			);
			dependencies = (
			);
			name = "Lunch Lottery";
			productName = "Lunch Lottery";
			productReference = D87C95EC28BD033B00DBD976 /* Lunch Lottery.app */;
			productType = "com.apple.product-type.application";
		};
		D87C95FB28BD033E00DBD976 /* Lunch LotteryTests */ = {
			isa = PBXNativeTarget;
			buildConfigurationList = D87C961328BD033E00DBD976 /* Build configuration list for PBXNativeTarget "Lunch LotteryTests" */;
			buildPhases = (
				D87C95F828BD033E00DBD976 /* Sources */,
				D87C95F928BD033E00DBD976 /* Frameworks */,
				D87C95FA28BD033E00DBD976 /* Resources */,
			);
			buildRules = (
			);
			dependencies = (
				D87C95FE28BD033E00DBD976 /* PBXTargetDependency */,
			);
			name = "Lunch LotteryTests";
			productName = "Lunch LotteryTests";
			productReference = D87C95FC28BD033E00DBD976 /* Lunch LotteryTests.xctest */;
			productType = "com.apple.product-type.bundle.unit-test";
		};
		D87C960528BD033E00DBD976 /* Lunch LotteryUITests */ = {
			isa = PBXNativeTarget;
			buildConfigurationList = D87C961628BD033E00DBD976 /* Build configuration list for PBXNativeTarget "Lunch LotteryUITests" */;
			buildPhases = (
				D87C960228BD033E00DBD976 /* Sources */,
				D87C960328BD033E00DBD976 /* Frameworks */,
				D87C960428BD033E00DBD976 /* Resources */,
			);
			buildRules = (
			);
			dependencies = (
				D87C960828BD033E00DBD976 /* PBXTargetDependency */,
			);
			name = "Lunch LotteryUITests";
			productName = "Lunch LotteryUITests";
			productReference = D87C960628BD033E00DBD976 /* Lunch LotteryUITests.xctest */;
			productType = "com.apple.product-type.bundle.ui-testing";
		};
/* End PBXNativeTarget section */

/* Begin PBXProject section */
		D87C95E428BD033B00DBD976 /* Project object */ = {
			isa = PBXProject;
			attributes = {
				BuildIndependentTargetsInParallel = 1;
				LastSwiftUpdateCheck = 1340;
				LastUpgradeCheck = 1340;
				TargetAttributes = {
					D87C95EB28BD033B00DBD976 = {
						CreatedOnToolsVersion = 13.4.1;
					};
					D87C95FB28BD033E00DBD976 = {
						CreatedOnToolsVersion = 13.4.1;
						TestTargetID = D87C95EB28BD033B00DBD976;
					};
					D87C960528BD033E00DBD976 = {
						CreatedOnToolsVersion = 13.4.1;
						TestTargetID = D87C95EB28BD033B00DBD976;
					};
				};
			};
			buildConfigurationList = D87C95E728BD033B00DBD976 /* Build configuration list for PBXProject "Lunch Lottery" */;
			compatibilityVersion = "Xcode 13.0";
			developmentRegion = en;
			hasScannedForEncodings = 0;
			knownRegions = (
				en,
				Base,
			);
			mainGroup = D87C95E328BD033A00DBD976;
			productRefGroup = D87C95ED28BD033B00DBD976 /* Products */;
			projectDirPath = "";
			projectRoot = "";
			targets = (
				D87C95EB28BD033B00DBD976 /* Lunch Lottery */,
				D87C95FB28BD033E00DBD976 /* Lunch LotteryTests */,
				D87C960528BD033E00DBD976 /* Lunch LotteryUITests */,
			);
		};
/* End PBXProject section */

/* Begin PBXResourcesBuildPhase section */
		D87C95EA28BD033B00DBD976 /* Resources */ = {
			isa = PBXResourcesBuildPhase;
			buildActionMask = 2147483647;
			files = (
				D864DE3628D0C662002A06DE /* hikeData.json in Resources */,
				D87C95F728BD033D00DBD976 /* Preview Assets.xcassets in Resources */,
				D87C95F428BD033D00DBD976 /* Assets.xcassets in Resources */,
				D8385A3628C8DCF9002866AF /* landmarkData.json in Resources */,
			);
			runOnlyForDeploymentPostprocessing = 0;
		};
		D87C95FA28BD033E00DBD976 /* Resources */ = {
			isa = PBXResourcesBuildPhase;
			buildActionMask = 2147483647;
			files = (
			);
			runOnlyForDeploymentPostprocessing = 0;
		};
		D87C960428BD033E00DBD976 /* Resources */ = {
			isa = PBXResourcesBuildPhase;
			buildActionMask = 2147483647;
			files = (
			);
			runOnlyForDeploymentPostprocessing = 0;
		};
/* End PBXResourcesBuildPhase section */

/* Begin PBXSourcesBuildPhase section */
		D87C95E828BD033B00DBD976 /* Sources */ = {
			isa = PBXSourcesBuildPhase;
			buildActionMask = 2147483647;
			files = (
				D81030A328D219450004983E /* CategoryRow.swift in Sources */,
				D81030A728D221C00004983E /* Profile.swift in Sources */,
				D864DE4228D0CA26002A06DE /* GraphCapsule.swift in Sources */,
				D864DE4728D0CF87002A06DE /* CategoryHome.swift in Sources */,
				D87C95F228BD033B00DBD976 /* ContentView.swift in Sources */,
				D87886E128CF7CCA00044F5A /* Badge.swift in Sources */,
				D81190E828BFA7BB00EB3308 /* MapView.swift in Sources */,
				D87C95F028BD033B00DBD976 /* Lunch_LotteryApp.swift in Sources */,
				D864DE4028D0CA22002A06DE /* HikeGraph.swift in Sources */,
				D8385A3828C8E4C7002866AF /* FavoriteButton.swift in Sources */,
				D81030A528D21ADA0004983E /* CategoryItem.swift in Sources */,
				D864DE3C28D0CA15002A06DE /* HikeView.swift in Sources */,
				D81030AC28D2230C0004983E /* ProfileSummary.swift in Sources */,
				D87886D928CF75B400044F5A /* HexagonParameters.swift in Sources */,
				D81030A928D2228A0004983E /* ProfileHost.swift in Sources */,
				D864DE3828D0C67E002A06DE /* Hike.swift in Sources */,
				D87886DF28CF7C6D00044F5A /* RotatedBadgeSymbol.swift in Sources */,
				D87886DD28CF7B3A00044F5A /* BadgeSymbol.swift in Sources */,
				D81030B028D227A70004983E /* ProfileEditor.swift in Sources */,
				D84582D028C24752009805D1 /* LandmarkList.swift in Sources */,
				D864DE3E28D0CA1D002A06DE /* HikeDetail.swift in Sources */,
				D84582D228C24891009805D1 /* LandmarkDetail.swift in Sources */,
				D87886DB28CF76C700044F5A /* BadgeBackground.swift in Sources */,
				D81030AE28D223990004983E /* HikeBadge.swift in Sources */,
				D81190E628BFA65300EB3308 /* CircleImage.swift in Sources */,
				D81190EA28BFAC6600EB3308 /* Landmark.swift in Sources */,
				D81190F228BFB07F00EB3308 /* LandmarkRow.swift in Sources */,
				D81190EE28BFAE6F00EB3308 /* ModelData.swift in Sources */,
			);
			runOnlyForDeploymentPostprocessing = 0;
		};
		D87C95F828BD033E00DBD976 /* Sources */ = {
			isa = PBXSourcesBuildPhase;
			buildActionMask = 2147483647;
			files = (
				D87C960128BD033E00DBD976 /* Lunch_LotteryTests.swift in Sources */,
			);
			runOnlyForDeploymentPostprocessing = 0;
		};
		D87C960228BD033E00DBD976 /* Sources */ = {
			isa = PBXSourcesBuildPhase;
			buildActionMask = 2147483647;
			files = (
				D87C960B28BD033E00DBD976 /* Lunch_LotteryUITests.swift in Sources */,
				D87C960D28BD033E00DBD976 /* Lunch_LotteryUITestsLaunchTests.swift in Sources */,
			);
			runOnlyForDeploymentPostprocessing = 0;
		};
/* End PBXSourcesBuildPhase section */

/* Begin PBXTargetDependency section */
		D87C95FE28BD033E00DBD976 /* PBXTargetDependency */ = {
			isa = PBXTargetDependency;
			target = D87C95EB28BD033B00DBD976 /* Lunch Lottery */;
			targetProxy = D87C95FD28BD033E00DBD976 /* PBXContainerItemProxy */;
		};
		D87C960828BD033E00DBD976 /* PBXTargetDependency */ = {
			isa = PBXTargetDependency;
			target = D87C95EB28BD033B00DBD976 /* Lunch Lottery */;
			targetProxy = D87C960728BD033E00DBD976 /* PBXContainerItemProxy */;
		};
/* End PBXTargetDependency section */

/* Begin XCBuildConfiguration section */
		D87C960E28BD033E00DBD976 /* Debug */ = {
			isa = XCBuildConfiguration;
			buildSettings = {
				ALWAYS_SEARCH_USER_PATHS = NO;
				CLANG_ANALYZER_NONNULL = YES;
				CLANG_ANALYZER_NUMBER_OBJECT_CONVERSION = YES_AGGRESSIVE;
				CLANG_CXX_LANGUAGE_STANDARD = "gnu++17";
				CLANG_ENABLE_MODULES = YES;
				CLANG_ENABLE_OBJC_ARC = YES;
				CLANG_ENABLE_OBJC_WEAK = YES;
				CLANG_WARN_BLOCK_CAPTURE_AUTORELEASING = YES;
				CLANG_WARN_BOOL_CONVERSION = YES;
				CLANG_WARN_COMMA = YES;
				CLANG_WARN_CONSTANT_CONVERSION = YES;
				CLANG_WARN_DEPRECATED_OBJC_IMPLEMENTATIONS = YES;
				CLANG_WARN_DIRECT_OBJC_ISA_USAGE = YES_ERROR;
				CLANG_WARN_DOCUMENTATION_COMMENTS = YES;
				CLANG_WARN_EMPTY_BODY = YES;
				CLANG_WARN_ENUM_CONVERSION = YES;
				CLANG_WARN_INFINITE_RECURSION = YES;
				CLANG_WARN_INT_CONVERSION = YES;
				CLANG_WARN_NON_LITERAL_NULL_CONVERSION = YES;
				CLANG_WARN_OBJC_IMPLICIT_RETAIN_SELF = YES;
				CLANG_WARN_OBJC_LITERAL_CONVERSION = YES;
				CLANG_WARN_OBJC_ROOT_CLASS = YES_ERROR;
				CLANG_WARN_QUOTED_INCLUDE_IN_FRAMEWORK_HEADER = YES;
				CLANG_WARN_RANGE_LOOP_ANALYSIS = YES;
				CLANG_WARN_STRICT_PROTOTYPES = YES;
				CLANG_WARN_SUSPICIOUS_MOVE = YES;
				CLANG_WARN_UNGUARDED_AVAILABILITY = YES_AGGRESSIVE;
				CLANG_WARN_UNREACHABLE_CODE = YES;
				CLANG_WARN__DUPLICATE_METHOD_MATCH = YES;
				COPY_PHASE_STRIP = NO;
				DEBUG_INFORMATION_FORMAT = dwarf;
				ENABLE_STRICT_OBJC_MSGSEND = YES;
				ENABLE_TESTABILITY = YES;
				GCC_C_LANGUAGE_STANDARD = gnu11;
				GCC_DYNAMIC_NO_PIC = NO;
				GCC_NO_COMMON_BLOCKS = YES;
				GCC_OPTIMIZATION_LEVEL = 0;
				GCC_PREPROCESSOR_DEFINITIONS = (
					"DEBUG=1",
					"$(inherited)",
				);
				GCC_WARN_64_TO_32_BIT_CONVERSION = YES;
				GCC_WARN_ABOUT_RETURN_TYPE = YES_ERROR;
				GCC_WARN_UNDECLARED_SELECTOR = YES;
				GCC_WARN_UNINITIALIZED_AUTOS = YES_AGGRESSIVE;
				GCC_WARN_UNUSED_FUNCTION = YES;
				GCC_WARN_UNUSED_VARIABLE = YES;
				IPHONEOS_DEPLOYMENT_TARGET = 15.5;
				MTL_ENABLE_DEBUG_INFO = INCLUDE_SOURCE;
				MTL_FAST_MATH = YES;
				ONLY_ACTIVE_ARCH = YES;
				SDKROOT = iphoneos;
				SWIFT_ACTIVE_COMPILATION_CONDITIONS = DEBUG;
				SWIFT_OPTIMIZATION_LEVEL = "-Onone";
			};
			name = Debug;
		};
		D87C960F28BD033E00DBD976 /* Release */ = {
			isa = XCBuildConfiguration;
			buildSettings = {
				ALWAYS_SEARCH_USER_PATHS = NO;
				CLANG_ANALYZER_NONNULL = YES;
				CLANG_ANALYZER_NUMBER_OBJECT_CONVERSION = YES_AGGRESSIVE;
				CLANG_CXX_LANGUAGE_STANDARD = "gnu++17";
				CLANG_ENABLE_MODULES = YES;
				CLANG_ENABLE_OBJC_ARC = YES;
				CLANG_ENABLE_OBJC_WEAK = YES;
				CLANG_WARN_BLOCK_CAPTURE_AUTORELEASING = YES;
				CLANG_WARN_BOOL_CONVERSION = YES;
				CLANG_WARN_COMMA = YES;
				CLANG_WARN_CONSTANT_CONVERSION = YES;
				CLANG_WARN_DEPRECATED_OBJC_IMPLEMENTATIONS = YES;
				CLANG_WARN_DIRECT_OBJC_ISA_USAGE = YES_ERROR;
				CLANG_WARN_DOCUMENTATION_COMMENTS = YES;
				CLANG_WARN_EMPTY_BODY = YES;
				CLANG_WARN_ENUM_CONVERSION = YES;
				CLANG_WARN_INFINITE_RECURSION = YES;
				CLANG_WARN_INT_CONVERSION = YES;
				CLANG_WARN_NON_LITERAL_NULL_CONVERSION = YES;
				CLANG_WARN_OBJC_IMPLICIT_RETAIN_SELF = YES;
				CLANG_WARN_OBJC_LITERAL_CONVERSION = YES;
				CLANG_WARN_OBJC_ROOT_CLASS = YES_ERROR;
				CLANG_WARN_QUOTED_INCLUDE_IN_FRAMEWORK_HEADER = YES;
				CLANG_WARN_RANGE_LOOP_ANALYSIS = YES;
				CLANG_WARN_STRICT_PROTOTYPES = YES;
				CLANG_WARN_SUSPICIOUS_MOVE = YES;
				CLANG_WARN_UNGUARDED_AVAILABILITY = YES_AGGRESSIVE;
				CLANG_WARN_UNREACHABLE_CODE = YES;
				CLANG_WARN__DUPLICATE_METHOD_MATCH = YES;
				COPY_PHASE_STRIP = NO;
				DEBUG_INFORMATION_FORMAT = "dwarf-with-dsym";
				ENABLE_NS_ASSERTIONS = NO;
				ENABLE_STRICT_OBJC_MSGSEND = YES;
				GCC_C_LANGUAGE_STANDARD = gnu11;
				GCC_NO_COMMON_BLOCKS = YES;
				GCC_WARN_64_TO_32_BIT_CONVERSION = YES;
				GCC_WARN_ABOUT_RETURN_TYPE = YES_ERROR;
				GCC_WARN_UNDECLARED_SELECTOR = YES;
				GCC_WARN_UNINITIALIZED_AUTOS = YES_AGGRESSIVE;
				GCC_WARN_UNUSED_FUNCTION = YES;
				GCC_WARN_UNUSED_VARIABLE = YES;
				IPHONEOS_DEPLOYMENT_TARGET = 15.5;
				MTL_ENABLE_DEBUG_INFO = NO;
				MTL_FAST_MATH = YES;
				SDKROOT = iphoneos;
				SWIFT_COMPILATION_MODE = wholemodule;
				SWIFT_OPTIMIZATION_LEVEL = "-O";
				VALIDATE_PRODUCT = YES;
			};
			name = Release;
		};
		D87C961128BD033E00DBD976 /* Debug */ = {
			isa = XCBuildConfiguration;
			buildSettings = {
				ASSETCATALOG_COMPILER_APPICON_NAME = AppIcon;
				ASSETCATALOG_COMPILER_GLOBAL_ACCENT_COLOR_NAME = AccentColor;
				CODE_SIGN_STYLE = Automatic;
				CURRENT_PROJECT_VERSION = 1;
				DEVELOPMENT_ASSET_PATHS = "\"Lunch Lottery/Preview Content\"";
				ENABLE_PREVIEWS = YES;
				GENERATE_INFOPLIST_FILE = YES;
				INFOPLIST_KEY_UIApplicationSceneManifest_Generation = YES;
				INFOPLIST_KEY_UIApplicationSupportsIndirectInputEvents = YES;
				INFOPLIST_KEY_UILaunchScreen_Generation = YES;
				INFOPLIST_KEY_UISupportedInterfaceOrientations_iPad = "UIInterfaceOrientationPortrait UIInterfaceOrientationPortraitUpsideDown UIInterfaceOrientationLandscapeLeft UIInterfaceOrientationLandscapeRight";
				INFOPLIST_KEY_UISupportedInterfaceOrientations_iPhone = "UIInterfaceOrientationPortrait UIInterfaceOrientationLandscapeLeft UIInterfaceOrientationLandscapeRight";
				LD_RUNPATH_SEARCH_PATHS = (
					"$(inherited)",
					"@executable_path/Frameworks",
				);
				MARKETING_VERSION = 1.0;
				PRODUCT_BUNDLE_IDENTIFIER = "lfhs.tommyvc04.Lunch-Lottery";
				PRODUCT_NAME = "$(TARGET_NAME)";
				SWIFT_EMIT_LOC_STRINGS = YES;
				SWIFT_VERSION = 5.0;
				TARGETED_DEVICE_FAMILY = "1,2";
			};
			name = Debug;
		};
		D87C961228BD033E00DBD976 /* Release */ = {
			isa = XCBuildConfiguration;
			buildSettings = {
				ASSETCATALOG_COMPILER_APPICON_NAME = AppIcon;
				ASSETCATALOG_COMPILER_GLOBAL_ACCENT_COLOR_NAME = AccentColor;
				CODE_SIGN_STYLE = Automatic;
				CURRENT_PROJECT_VERSION = 1;
				DEVELOPMENT_ASSET_PATHS = "\"Lunch Lottery/Preview Content\"";
				ENABLE_PREVIEWS = YES;
				GENERATE_INFOPLIST_FILE = YES;
				INFOPLIST_KEY_UIApplicationSceneManifest_Generation = YES;
				INFOPLIST_KEY_UIApplicationSupportsIndirectInputEvents = YES;
				INFOPLIST_KEY_UILaunchScreen_Generation = YES;
				INFOPLIST_KEY_UISupportedInterfaceOrientations_iPad = "UIInterfaceOrientationPortrait UIInterfaceOrientationPortraitUpsideDown UIInterfaceOrientationLandscapeLeft UIInterfaceOrientationLandscapeRight";
				INFOPLIST_KEY_UISupportedInterfaceOrientations_iPhone = "UIInterfaceOrientationPortrait UIInterfaceOrientationLandscapeLeft UIInterfaceOrientationLandscapeRight";
				LD_RUNPATH_SEARCH_PATHS = (
					"$(inherited)",
					"@executable_path/Frameworks",
				);
				MARKETING_VERSION = 1.0;
				PRODUCT_BUNDLE_IDENTIFIER = "lfhs.tommyvc04.Lunch-Lottery";
				PRODUCT_NAME = "$(TARGET_NAME)";
				SWIFT_EMIT_LOC_STRINGS = YES;
				SWIFT_VERSION = 5.0;
				TARGETED_DEVICE_FAMILY = "1,2";
			};
			name = Release;
		};
		D87C961428BD033E00DBD976 /* Debug */ = {
			isa = XCBuildConfiguration;
			buildSettings = {
				ALWAYS_EMBED_SWIFT_STANDARD_LIBRARIES = YES;
				BUNDLE_LOADER = "$(TEST_HOST)";
				CODE_SIGN_STYLE = Automatic;
				CURRENT_PROJECT_VERSION = 1;
				GENERATE_INFOPLIST_FILE = YES;
				IPHONEOS_DEPLOYMENT_TARGET = 15.5;
				MARKETING_VERSION = 1.0;
				PRODUCT_BUNDLE_IDENTIFIER = "lfhs.tommyvc04.Lunch-LotteryTests";
				PRODUCT_NAME = "$(TARGET_NAME)";
				SWIFT_EMIT_LOC_STRINGS = NO;
				SWIFT_VERSION = 5.0;
				TARGETED_DEVICE_FAMILY = "1,2";
				TEST_HOST = "$(BUILT_PRODUCTS_DIR)/Lunch Lottery.app/Lunch Lottery";
			};
			name = Debug;
		};
		D87C961528BD033E00DBD976 /* Release */ = {
			isa = XCBuildConfiguration;
			buildSettings = {
				ALWAYS_EMBED_SWIFT_STANDARD_LIBRARIES = YES;
				BUNDLE_LOADER = "$(TEST_HOST)";
				CODE_SIGN_STYLE = Automatic;
				CURRENT_PROJECT_VERSION = 1;
				GENERATE_INFOPLIST_FILE = YES;
				IPHONEOS_DEPLOYMENT_TARGET = 15.5;
				MARKETING_VERSION = 1.0;
				PRODUCT_BUNDLE_IDENTIFIER = "lfhs.tommyvc04.Lunch-LotteryTests";
				PRODUCT_NAME = "$(TARGET_NAME)";
				SWIFT_EMIT_LOC_STRINGS = NO;
				SWIFT_VERSION = 5.0;
				TARGETED_DEVICE_FAMILY = "1,2";
				TEST_HOST = "$(BUILT_PRODUCTS_DIR)/Lunch Lottery.app/Lunch Lottery";
			};
			name = Release;
		};
		D87C961728BD033E00DBD976 /* Debug */ = {
			isa = XCBuildConfiguration;
			buildSettings = {
				ALWAYS_EMBED_SWIFT_STANDARD_LIBRARIES = YES;
				CODE_SIGN_STYLE = Automatic;
				CURRENT_PROJECT_VERSION = 1;
				GENERATE_INFOPLIST_FILE = YES;
				MARKETING_VERSION = 1.0;
				PRODUCT_BUNDLE_IDENTIFIER = "lfhs.tommyvc04.Lunch-LotteryUITests";
				PRODUCT_NAME = "$(TARGET_NAME)";
				SWIFT_EMIT_LOC_STRINGS = NO;
				SWIFT_VERSION = 5.0;
				TARGETED_DEVICE_FAMILY = "1,2";
				TEST_TARGET_NAME = "Lunch Lottery";
			};
			name = Debug;
		};
		D87C961828BD033E00DBD976 /* Release */ = {
			isa = XCBuildConfiguration;
			buildSettings = {
				ALWAYS_EMBED_SWIFT_STANDARD_LIBRARIES = YES;
				CODE_SIGN_STYLE = Automatic;
				CURRENT_PROJECT_VERSION = 1;
				GENERATE_INFOPLIST_FILE = YES;
				MARKETING_VERSION = 1.0;
				PRODUCT_BUNDLE_IDENTIFIER = "lfhs.tommyvc04.Lunch-LotteryUITests";
				PRODUCT_NAME = "$(TARGET_NAME)";
				SWIFT_EMIT_LOC_STRINGS = NO;
				SWIFT_VERSION = 5.0;
				TARGETED_DEVICE_FAMILY = "1,2";
				TEST_TARGET_NAME = "Lunch Lottery";
			};
			name = Release;
		};
/* End XCBuildConfiguration section */

/* Begin XCConfigurationList section */
		D87C95E728BD033B00DBD976 /* Build configuration list for PBXProject "Lunch Lottery" */ = {
			isa = XCConfigurationList;
			buildConfigurations = (
				D87C960E28BD033E00DBD976 /* Debug */,
				D87C960F28BD033E00DBD976 /* Release */,
			);
			defaultConfigurationIsVisible = 0;
			defaultConfigurationName = Release;
		};
		D87C961028BD033E00DBD976 /* Build configuration list for PBXNativeTarget "Lunch Lottery" */ = {
			isa = XCConfigurationList;
			buildConfigurations = (
				D87C961128BD033E00DBD976 /* Debug */,
				D87C961228BD033E00DBD976 /* Release */,
			);
			defaultConfigurationIsVisible = 0;
			defaultConfigurationName = Release;
		};
		D87C961328BD033E00DBD976 /* Build configuration list for PBXNativeTarget "Lunch LotteryTests" */ = {
			isa = XCConfigurationList;
			buildConfigurations = (
				D87C961428BD033E00DBD976 /* Debug */,
				D87C961528BD033E00DBD976 /* Release */,
			);
			defaultConfigurationIsVisible = 0;
			defaultConfigurationName = Release;
		};
		D87C961628BD033E00DBD976 /* Build configuration list for PBXNativeTarget "Lunch LotteryUITests" */ = {
			isa = XCConfigurationList;
			buildConfigurations = (
				D87C961728BD033E00DBD976 /* Debug */,
				D87C961828BD033E00DBD976 /* Release */,
			);
			defaultConfigurationIsVisible = 0;
			defaultConfigurationName = Release;
		};
/* End XCConfigurationList section */
	};
	rootObject = D87C95E428BD033B00DBD976 /* Project object */;
}
